
Microsoft Visual Studio Solution File, Format Version 12.00
# Visual Studio Version 17
VisualStudioVersion = 17.0.31903.59
MinimumVisualStudioVersion = 10.0.40219.1
Project("{FAE04EC0-301F-11D3-BF4B-00C04F79EFBC}") = "BrokerApp", "BrokerApp\BrokerApp.csproj", "{7782F20E-59B1-4B22-AA16-E7E9B00C86AB}"
EndProject
Global
	GlobalSection(SolutionConfigurationPlatforms) = preSolution
		Debug|Any CPU = Debug|Any CPU
		Release|Any CPU = Release|Any CPU
	EndGlobalSection
	GlobalSection(ProjectConfigurationPlatforms) = postSolution
		{7782F20E-59B1-4B22-AA16-E7E9B00C86AB}.Debug|Any CPU.ActiveCfg = Debug|Any CPU
		{7782F20E-59B1-4B22-AA16-E7E9B00C86AB}.Debug|Any CPU.Build.0 = Debug|Any CPU
		{7782F20E-59B1-4B22-AA16-E7E9B00C86AB}.Release|Any CPU.ActiveCfg = Release|Any CPU
		{7782F20E-59B1-4B22-AA16-E7E9B00C86AB}.Release|Any CPU.Build.0 = Release|Any CPU
	EndGlobalSection
	GlobalSection(SolutionProperties) = preSolution
		HideSolutionNode = FALSE
	EndGlobalSection
	GlobalSection(ExtensibilityGlobals) = postSolution
		SolutionGuid = {07280073-0FF8-4C8A-B381-F8440738A1E4}
	EndGlobalSection
EndGlobal
